
Microsoft Visual Studio Solution File, Format Version 12.00
# Visual Studio Version 17
VisualStudioVersion = 17.0.31903.59
MinimumVisualStudioVersion = 10.0.40219.1
Project("{FAE04EC0-301F-11D3-BF4B-00C04F79EFBC}") = "Ecommerce.API", "Ecommerce.API\Ecommerce.API.csproj", "{AEAE700A-0152-46F2-BBDC-8E2339D8DB6C}"
EndProject
Project("{FAE04EC0-301F-11D3-BF4B-00C04F79EFBC}") = "Ecommerce.Domain", "Ecommerce.Domain\Ecommerce.Domain.csproj", "{6D75ABC6-5F45-4A84-B695-F6E933E380B7}"
EndProject
Project("{FAE04EC0-301F-11D3-BF4B-00C04F79EFBC}") = "Ecommerce.Application", "Ecommerce.Application\Ecommerce.Application.csproj", "{B7E2E9EC-0CBE-407C-ADED-E905E3AADC27}"
EndProject
Project("{FAE04EC0-301F-11D3-BF4B-00C04F79EFBC}") = "Ecommerce.Infrastructure", "Ecommerce.Infrastructure\Ecommerce.Infrastructure.csproj", "{8CBC57C1-B570-43EA-A428-C8E403B23B20}"
EndProject
Global
	GlobalSection(SolutionConfigurationPlatforms) = preSolution
		Debug|Any CPU = Debug|Any CPU
		Release|Any CPU = Release|Any CPU
	EndGlobalSection
	GlobalSection(SolutionProperties) = preSolution
		HideSolutionNode = FALSE
	EndGlobalSection
	GlobalSection(ProjectConfigurationPlatforms) = postSolution
		{AEAE700A-0152-46F2-BBDC-8E2339D8DB6C}.Debug|Any CPU.ActiveCfg = Debug|Any CPU
		{AEAE700A-0152-46F2-BBDC-8E2339D8DB6C}.Debug|Any CPU.Build.0 = Debug|Any CPU
		{AEAE700A-0152-46F2-BBDC-8E2339D8DB6C}.Release|Any CPU.ActiveCfg = Release|Any CPU
		{AEAE700A-0152-46F2-BBDC-8E2339D8DB6C}.Release|Any CPU.Build.0 = Release|Any CPU
		{6D75ABC6-5F45-4A84-B695-F6E933E380B7}.Debug|Any CPU.ActiveCfg = Debug|Any CPU
		{6D75ABC6-5F45-4A84-B695-F6E933E380B7}.Debug|Any CPU.Build.0 = Debug|Any CPU
		{6D75ABC6-5F45-4A84-B695-F6E933E380B7}.Release|Any CPU.ActiveCfg = Release|Any CPU
		{6D75ABC6-5F45-4A84-B695-F6E933E380B7}.Release|Any CPU.Build.0 = Release|Any CPU
		{B7E2E9EC-0CBE-407C-ADED-E905E3AADC27}.Debug|Any CPU.ActiveCfg = Debug|Any CPU
		{B7E2E9EC-0CBE-407C-ADED-E905E3AADC27}.Debug|Any CPU.Build.0 = Debug|Any CPU
		{B7E2E9EC-0CBE-407C-ADED-E905E3AADC27}.Release|Any CPU.ActiveCfg = Release|Any CPU
		{B7E2E9EC-0CBE-407C-ADED-E905E3AADC27}.Release|Any CPU.Build.0 = Release|Any CPU
		{8CBC57C1-B570-43EA-A428-C8E403B23B20}.Debug|Any CPU.ActiveCfg = Debug|Any CPU
		{8CBC57C1-B570-43EA-A428-C8E403B23B20}.Debug|Any CPU.Build.0 = Debug|Any CPU
		{8CBC57C1-B570-43EA-A428-C8E403B23B20}.Release|Any CPU.ActiveCfg = Release|Any CPU
		{8CBC57C1-B570-43EA-A428-C8E403B23B20}.Release|Any CPU.Build.0 = Release|Any CPU
	EndGlobalSection
EndGlobal
